version = 1
revision = 3
requires-python = ">=3.11"

[[package]]
name = "half-sheet-label"
version = "0.1.0"
source = { editable = "." }
dependencies = [
    { name = "pypdf" },
]

[package.metadata]
requires-dist = [{ name = "pypdf", specifier = ">=4.2" }]

[[package]]
name = "pypdf"
version = "6.16.0"
source = { registry = "https://pypi.org/simple" }
sdist = { url = "https://files.pythonhosted.org/packages/1a/7f/5bc369dedae6750e23fc9ce82f6396258f92ed80ae0137732738a6d4ffce/pypdf-6.16.0.tar.gz", hash = "sha256:dfc5b0afeb5e02e9ee1dce71c09071f062d1a4030d2925f03a5daee0ee975ed8", size = 7002332, upload-time = "2026-08-13T14:54:41.586Z" }
wheels = [
    { url = "https://files.pythonhosted.org/packages/bb/83/2b04a77f8de3c6d295e2687228b21152cb65a406511373ed06fd757634af/pypdf-6.16.0-py3-none-any.whl", hash = "sha256:8c47581faa1cba7006ac269da30075c929c251cc4ffbafb2bcbe260306631118", size = 382160, upload-time = "2026-08-13T14:54:39.734Z" },
]
